
Microsoft Visual Studio Solution File, Format Version 12.00
# Visual Studio 15
VisualStudioVersion = 15.0.28307.168
MinimumVisualStudioVersion = 10.0.40219.1
Project("{8BC9CEB8-8B4A-11D0-8D11-00A0C91BC942}") = "ricefryer", "ricefryer.vcxproj", "{00DFF12F-70FA-4284-AA33-4753968EB1FA}"
EndProject
Global
	GlobalSection(SolutionConfigurationPlatforms) = preSolution
		Debug|x64 = Debug|x64
		Debug|x86 = Debug|x86
		Release|x64 = Release|x64
		Release|x86 = Release|x86
	EndGlobalSection
	GlobalSection(ProjectConfigurationPlatforms) = postSolution
		{00DFF12F-70FA-4284-AA33-4753968EB1FA}.Debug|x64.ActiveCfg = Debug|x64
		{00DFF12F-70FA-4284-AA33-4753968EB1FA}.Debug|x64.Build.0 = Debug|x64
		{00DFF12F-70FA-4284-AA33-4753968EB1FA}.Debug|x86.ActiveCfg = Debug|Win32
		{00DFF12F-70FA-4284-AA33-4753968EB1FA}.Debug|x86.Build.0 = Debug|Win32
		{00DFF12F-70FA-4284-AA33-4753968EB1FA}.Release|x64.ActiveCfg = Release|x64
		{00DFF12F-70FA-4284-AA33-4753968EB1FA}.Release|x64.Build.0 = Release|x64
		{00DFF12F-70FA-4284-AA33-4753968EB1FA}.Release|x86.ActiveCfg = Release|Win32
		{00DFF12F-70FA-4284-AA33-4753968EB1FA}.Release|x86.Build.0 = Release|Win32
	EndGlobalSection
	GlobalSection(SolutionProperties) = preSolution
		HideSolutionNode = FALSE
	EndGlobalSection
	GlobalSection(ExtensibilityGlobals) = postSolution
		SolutionGuid = {DD3FE138-A38E-45AD-9B75-1407D81663DE}
	EndGlobalSection
EndGlobal
